
Microsoft Visual Studio Solution File, Format Version 12.00
# Visual Studio Version 17
VisualStudioVersion = 17.14.36408.4 d17.14
MinimumVisualStudioVersion = 10.0.40219.1
Project("{FAE04EC0-301F-11D3-BF4B-00C04F79EFBC}") = "kozgazkupa", "kozgazkupa\kozgazkupa.csproj", "{5E7DDD64-8437-4CB6-901E-2FB7F946BB73}"
EndProject
Global
	GlobalSection(SolutionConfigurationPlatforms) = preSolution
		Debug|Any CPU = Debug|Any CPU
		Release|Any CPU = Release|Any CPU
	EndGlobalSection
	GlobalSection(ProjectConfigurationPlatforms) = postSolution
		{5E7DDD64-8437-4CB6-901E-2FB7F946BB73}.Debug|Any CPU.ActiveCfg = Debug|Any CPU
		{5E7DDD64-8437-4CB6-901E-2FB7F946BB73}.Debug|Any CPU.Build.0 = Debug|Any CPU
		{5E7DDD64-8437-4CB6-901E-2FB7F946BB73}.Release|Any CPU.ActiveCfg = Release|Any CPU
		{5E7DDD64-8437-4CB6-901E-2FB7F946BB73}.Release|Any CPU.Build.0 = Release|Any CPU
	EndGlobalSection
	GlobalSection(SolutionProperties) = preSolution
		HideSolutionNode = FALSE
	EndGlobalSection
	GlobalSection(ExtensibilityGlobals) = postSolution
		SolutionGuid = {0CB29CBB-2DD7-45F1-A24F-C18C47068043}
	EndGlobalSection
EndGlobal
